// !$*UTF8*$!
{
	archiveVersion = 1;
	classes = {
	};
	objectVersion = 54;
	objects = {

/* Begin PBXBuildFile section */
		200993A1284921C300A69DD9 /* GooglePlacesManager.swift in Sources */ = {isa = PBXBuildFile; fileRef = 200993A0284921C300A69DD9 /* GooglePlacesManager.swift */; };
		200993A32849560E00A69DD9 /* ApiKey.swift in Sources */ = {isa = PBXBuildFile; fileRef = 200993A22849560E00A69DD9 /* ApiKey.swift */; };
		200993A7284960BF00A69DD9 /* Place.swift in Sources */ = {isa = PBXBuildFile; fileRef = 200993A6284960BF00A69DD9 /* Place.swift */; };
		200993A9284960FE00A69DD9 /* PlacesError.swift in Sources */ = {isa = PBXBuildFile; fileRef = 200993A8284960FE00A69DD9 /* PlacesError.swift */; };
		20C52E3A2847CF79007C3D10 /* AppDelegate.swift in Sources */ = {isa = PBXBuildFile; fileRef = 20C52E392847CF79007C3D10 /* AppDelegate.swift */; };
		20C52E3C2847CF79007C3D10 /* SceneDelegate.swift in Sources */ = {isa = PBXBuildFile; fileRef = 20C52E3B2847CF79007C3D10 /* SceneDelegate.swift */; };
		20C52E3E2847CF79007C3D10 /* ViewController.swift in Sources */ = {isa = PBXBuildFile; fileRef = 20C52E3D2847CF79007C3D10 /* ViewController.swift */; };
		20C52E412847CF79007C3D10 /* Main.storyboard in Resources */ = {isa = PBXBuildFile; fileRef = 20C52E3F2847CF79007C3D10 /* Main.storyboard */; };
		20C52E432847CF7B007C3D10 /* Assets.xcassets in Resources */ = {isa = PBXBuildFile; fileRef = 20C52E422847CF7B007C3D10 /* Assets.xcassets */; };
		20C52E462847CF7B007C3D10 /* LaunchScreen.storyboard in Resources */ = {isa = PBXBuildFile; fileRef = 20C52E442847CF7B007C3D10 /* LaunchScreen.storyboard */; };
		20C52E4E2847D0AB007C3D10 /* ResultViewController.swift in Sources */ = {isa = PBXBuildFile; fileRef = 20C52E4D2847D0AB007C3D10 /* ResultViewController.swift */; };
/* End PBXBuildFile section */

/* Begin PBXFileReference section */
		13DBB1442CF94117DBE488E8 /* Pods-NearPlacesApp.debug.xcconfig */ = {isa = PBXFileReference; includeInIndex = 1; lastKnownFileType = text.xcconfig; name = "Pods-NearPlacesApp.debug.xcconfig"; path = "Target Support Files/Pods-NearPlacesApp/Pods-NearPlacesApp.debug.xcconfig"; sourceTree = "<group>"; };
		200993A0284921C300A69DD9 /* GooglePlacesManager.swift */ = {isa = PBXFileReference; lastKnownFileType = sourcecode.swift; path = GooglePlacesManager.swift; sourceTree = "<group>"; };
		200993A22849560E00A69DD9 /* ApiKey.swift */ = {isa = PBXFileReference; lastKnownFileType = sourcecode.swift; path = ApiKey.swift; sourceTree = "<group>"; };
		200993A6284960BF00A69DD9 /* Place.swift */ = {isa = PBXFileReference; lastKnownFileType = sourcecode.swift; path = Place.swift; sourceTree = "<group>"; };
		200993A8284960FE00A69DD9 /* PlacesError.swift */ = {isa = PBXFileReference; lastKnownFileType = sourcecode.swift; path = PlacesError.swift; sourceTree = "<group>"; };
		20C52E362847CF79007C3D10 /* NearPlacesApp.app */ = {isa = PBXFileReference; explicitFileType = wrapper.application; includeInIndex = 0; path = NearPlacesApp.app; sourceTree = BUILT_PRODUCTS_DIR; };
		20C52E392847CF79007C3D10 /* AppDelegate.swift */ = {isa = PBXFileReference; lastKnownFileType = sourcecode.swift; path = AppDelegate.swift; sourceTree = "<group>"; };
		20C52E3B2847CF79007C3D10 /* SceneDelegate.swift */ = {isa = PBXFileReference; lastKnownFileType = sourcecode.swift; path = SceneDelegate.swift; sourceTree = "<group>"; };
		20C52E3D2847CF79007C3D10 /* ViewController.swift */ = {isa = PBXFileReference; lastKnownFileType = sourcecode.swift; path = ViewController.swift; sourceTree = "<group>"; };
		20C52E402847CF79007C3D10 /* Base */ = {isa = PBXFileReference; lastKnownFileType = file.storyboard; name = Base; path = Base.lproj/Main.storyboard; sourceTree = "<group>"; };
		20C52E422847CF7B007C3D10 /* Assets.xcassets */ = {isa = PBXFileReference; lastKnownFileType = folder.assetcatalog; path = Assets.xcassets; sourceTree = "<group>"; };
		20C52E452847CF7B007C3D10 /* Base */ = {isa = PBXFileReference; lastKnownFileType = file.storyboard; name = Base; path = Base.lproj/LaunchScreen.storyboard; sourceTree = "<group>"; };
		20C52E472847CF7B007C3D10 /* Info.plist */ = {isa = PBXFileReference; lastKnownFileType = text.plist.xml; path = Info.plist; sourceTree = "<group>"; };
		20C52E4D2847D0AB007C3D10 /* ResultViewController.swift */ = {isa = PBXFileReference; lastKnownFileType = sourcecode.swift; path = ResultViewController.swift; sourceTree = "<group>"; };
		DBC7DCB99A3592A5E321EE0F /* Pods-NearPlacesApp.release.xcconfig */ = {isa = PBXFileReference; includeInIndex = 1; lastKnownFileType = text.xcconfig; name = "Pods-NearPlacesApp.release.xcconfig"; path = "Target Support Files/Pods-NearPlacesApp/Pods-NearPlacesApp.release.xcconfig"; sourceTree = "<group>"; };
/* End PBXFileReference section */

/* Begin PBXFrameworksBuildPhase section */
		20C52E332847CF79007C3D10 /* Frameworks */ = {
			isa = PBXFrameworksBuildPhase;
			buildActionMask = 2147483647;
			files = (
			);
			runOnlyForDeploymentPostprocessing = 0;
		};
/* End PBXFrameworksBuildPhase section */

/* Begin PBXGroup section */
		200993A4284960A500A69DD9 /* Models */ = {
			isa = PBXGroup;
			children = (
				200993A6284960BF00A69DD9 /* Place.swift */,
			);
			path = Models;
			sourceTree = "<group>";
		};
		200993A5284960AE00A69DD9 /* Enums */ = {
			isa = PBXGroup;
			children = (
				200993A8284960FE00A69DD9 /* PlacesError.swift */,
			);
			path = Enums;
			sourceTree = "<group>";
		};
		20C52E2D2847CF79007C3D10 = {
			isa = PBXGroup;
			children = (
				20C52E382847CF79007C3D10 /* NearPlacesApp */,
				20C52E372847CF79007C3D10 /* Products */,
				BE06328C14B2955B7929BED0 /* Pods */,
				C00FD64650F23DE48537FCD5 /* Frameworks */,
			);
			sourceTree = "<group>";
		};
		20C52E372847CF79007C3D10 /* Products */ = {
			isa = PBXGroup;
			children = (
				20C52E362847CF79007C3D10 /* NearPlacesApp.app */,
			);
			name = Products;
			sourceTree = "<group>";
		};
		20C52E382847CF79007C3D10 /* NearPlacesApp */ = {
			isa = PBXGroup;
			children = (
				200993A5284960AE00A69DD9 /* Enums */,
				200993A4284960A500A69DD9 /* Models */,
				20C52E392847CF79007C3D10 /* AppDelegate.swift */,
				20C52E3B2847CF79007C3D10 /* SceneDelegate.swift */,
				20C52E3D2847CF79007C3D10 /* ViewController.swift */,
				20C52E3F2847CF79007C3D10 /* Main.storyboard */,
				20C52E422847CF7B007C3D10 /* Assets.xcassets */,
				20C52E442847CF7B007C3D10 /* LaunchScreen.storyboard */,
				20C52E472847CF7B007C3D10 /* Info.plist */,
				20C52E4D2847D0AB007C3D10 /* ResultViewController.swift */,
				200993A0284921C300A69DD9 /* GooglePlacesManager.swift */,
				200993A22849560E00A69DD9 /* ApiKey.swift */,
			);
			path = NearPlacesApp;
			sourceTree = "<group>";
		};
		BE06328C14B2955B7929BED0 /* Pods */ = {
			isa = PBXGroup;
			children = (
				13DBB1442CF94117DBE488E8 /* Pods-NearPlacesApp.debug.xcconfig */,
				DBC7DCB99A3592A5E321EE0F /* Pods-NearPlacesApp.release.xcconfig */,
			);
			path = Pods;
			sourceTree = "<group>";
		};
		C00FD64650F23DE48537FCD5 /* Frameworks */ = {
			isa = PBXGroup;
			children = (
			);
			name = Frameworks;
			sourceTree = "<group>";
		};
/* End PBXGroup section */

/* Begin PBXNativeTarget section */
		20C52E352847CF79007C3D10 /* NearPlacesApp */ = {
			isa = PBXNativeTarget;
			buildConfigurationList = 20C52E4A2847CF7B007C3D10 /* Build configuration list for PBXNativeTarget "NearPlacesApp" */;
			buildPhases = (
				5F4DC1EE9C7F9100B0CF28DF /* [CP] Check Pods Manifest.lock */,
				20C52E322847CF79007C3D10 /* Sources */,
				20C52E332847CF79007C3D10 /* Frameworks */,
				20C52E342847CF79007C3D10 /* Resources */,
				A67B1C9D6B18F990F9147FC2 /* [CP] Copy Pods Resources */,
			);
			buildRules = (
			);
			dependencies = (
			);
			name = NearPlacesApp;
			productName = NearPlacesApp;
			productReference = 20C52E362847CF79007C3D10 /* NearPlacesApp.app */;
			productType = "com.apple.product-type.application";
		};
/* End PBXNativeTarget section */

/* Begin PBXProject section */
		20C52E2E2847CF79007C3D10 /* Project object */ = {
			isa = PBXProject;
			attributes = {
				BuildIndependentTargetsInParallel = 1;
				LastSwiftUpdateCheck = 1340;
				LastUpgradeCheck = 1340;
				TargetAttributes = {
					20C52E352847CF79007C3D10 = {
						CreatedOnToolsVersion = 13.4;
					};
				};
			};
			buildConfigurationList = 20C52E312847CF79007C3D10 /* Build configuration list for PBXProject "NearPlacesApp" */;
			compatibilityVersion = "Xcode 12.0";
			developmentRegion = en;
			hasScannedForEncodings = 0;
			knownRegions = (
				en,
				Base,
			);
			mainGroup = 20C52E2D2847CF79007C3D10;
			productRefGroup = 20C52E372847CF79007C3D10 /* Products */;
			projectDirPath = "";
			projectRoot = "";
			targets = (
				20C52E352847CF79007C3D10 /* NearPlacesApp */,
			);
		};
/* End PBXProject section */

/* Begin PBXResourcesBuildPhase section */
		20C52E342847CF79007C3D10 /* Resources */ = {
			isa = PBXResourcesBuildPhase;
			buildActionMask = 2147483647;
			files = (
				20C52E462847CF7B007C3D10 /* LaunchScreen.storyboard in Resources */,
				20C52E432847CF7B007C3D10 /* Assets.xcassets in Resources */,
				20C52E412847CF79007C3D10 /* Main.storyboard in Resources */,
			);
			runOnlyForDeploymentPostprocessing = 0;
		};
/* End PBXResourcesBuildPhase section */

/* Begin PBXShellScriptBuildPhase section */
		5F4DC1EE9C7F9100B0CF28DF /* [CP] Check Pods Manifest.lock */ = {
			isa = PBXShellScriptBuildPhase;
			buildActionMask = 2147483647;
			files = (
			);
			inputFileListPaths = (
			);
			inputPaths = (
				"${PODS_PODFILE_DIR_PATH}/Podfile.lock",
				"${PODS_ROOT}/Manifest.lock",
			);
			name = "[CP] Check Pods Manifest.lock";
			outputFileListPaths = (
			);
			outputPaths = (
				"$(DERIVED_FILE_DIR)/Pods-NearPlacesApp-checkManifestLockResult.txt",
			);
			runOnlyForDeploymentPostprocessing = 0;
			shellPath = /bin/sh;
			shellScript = "diff \"${PODS_PODFILE_DIR_PATH}/Podfile.lock\" \"${PODS_ROOT}/Manifest.lock\" > /dev/null\nif [ $? != 0 ] ; then\n    # print error to STDERR\n    echo \"error: The sandbox is not in sync with the Podfile.lock. Run 'pod install' or update your CocoaPods installation.\" >&2\n    exit 1\nfi\n# This output is used by Xcode 'outputs' to avoid re-running this script phase.\necho \"SUCCESS\" > \"${SCRIPT_OUTPUT_FILE_0}\"\n";
			showEnvVarsInLog = 0;
		};
		A67B1C9D6B18F990F9147FC2 /* [CP] Copy Pods Resources */ = {
			isa = PBXShellScriptBuildPhase;
			buildActionMask = 2147483647;
			files = (
			);
			inputFileListPaths = (
				"${PODS_ROOT}/Target Support Files/Pods-NearPlacesApp/Pods-NearPlacesApp-resources-${CONFIGURATION}-input-files.xcfilelist",
			);
			name = "[CP] Copy Pods Resources";
			outputFileListPaths = (
				"${PODS_ROOT}/Target Support Files/Pods-NearPlacesApp/Pods-NearPlacesApp-resources-${CONFIGURATION}-output-files.xcfilelist",
			);
			runOnlyForDeploymentPostprocessing = 0;
			shellPath = /bin/sh;
			shellScript = "\"${PODS_ROOT}/Target Support Files/Pods-NearPlacesApp/Pods-NearPlacesApp-resources.sh\"\n";
			showEnvVarsInLog = 0;
		};
/* End PBXShellScriptBuildPhase section */

/* Begin PBXSourcesBuildPhase section */
		20C52E322847CF79007C3D10 /* Sources */ = {
			isa = PBXSourcesBuildPhase;
			buildActionMask = 2147483647;
			files = (
				20C52E3E2847CF79007C3D10 /* ViewController.swift in Sources */,
				20C52E3A2847CF79007C3D10 /* AppDelegate.swift in Sources */,
				20C52E3C2847CF79007C3D10 /* SceneDelegate.swift in Sources */,
				20C52E4E2847D0AB007C3D10 /* ResultViewController.swift in Sources */,
				200993A32849560E00A69DD9 /* ApiKey.swift in Sources */,
				200993A7284960BF00A69DD9 /* Place.swift in Sources */,
				200993A9284960FE00A69DD9 /* PlacesError.swift in Sources */,
				200993A1284921C300A69DD9 /* GooglePlacesManager.swift in Sources */,
			);
			runOnlyForDeploymentPostprocessing = 0;
		};
/* End PBXSourcesBuildPhase section */

/* Begin PBXVariantGroup section */
		20C52E3F2847CF79007C3D10 /* Main.storyboard */ = {
			isa = PBXVariantGroup;
			children = (
				20C52E402847CF79007C3D10 /* Base */,
			);
			name = Main.storyboard;
			sourceTree = "<group>";
		};
		20C52E442847CF7B007C3D10 /* LaunchScreen.storyboard */ = {
			isa = PBXVariantGroup;
			children = (
				20C52E452847CF7B007C3D10 /* Base */,
			);
			name = LaunchScreen.storyboard;
			sourceTree = "<group>";
		};
/* End PBXVariantGroup section */

/* Begin XCBuildConfiguration section */
		20C52E482847CF7B007C3D10 /* Debug */ = {
			isa = XCBuildConfiguration;
			buildSettings = {
				ALWAYS_SEARCH_USER_PATHS = NO;
				CLANG_ANALYZER_NONNULL = YES;
				CLANG_ANALYZER_NUMBER_OBJECT_CONVERSION = YES_AGGRESSIVE;
				CLANG_CXX_LANGUAGE_STANDARD = "gnu++17";
				CLANG_ENABLE_MODULES = YES;
				CLANG_ENABLE_OBJC_ARC = YES;
				CLANG_ENABLE_OBJC_WEAK = YES;
				CLANG_WARN_BLOCK_CAPTURE_AUTORELEASING = YES;
				CLANG_WARN_BOOL_CONVERSION = YES;
				CLANG_WARN_COMMA = YES;
				CLANG_WARN_CONSTANT_CONVERSION = YES;
				CLANG_WARN_DEPRECATED_OBJC_IMPLEMENTATIONS = YES;
				CLANG_WARN_DIRECT_OBJC_ISA_USAGE = YES_ERROR;
				CLANG_WARN_DOCUMENTATION_COMMENTS = YES;
				CLANG_WARN_EMPTY_BODY = YES;
				CLANG_WARN_ENUM_CONVERSION = YES;
				CLANG_WARN_INFINITE_RECURSION = YES;
				CLANG_WARN_INT_CONVERSION = YES;
				CLANG_WARN_NON_LITERAL_NULL_CONVERSION = YES;
				CLANG_WARN_OBJC_IMPLICIT_RETAIN_SELF = YES;
				CLANG_WARN_OBJC_LITERAL_CONVERSION = YES;
				CLANG_WARN_OBJC_ROOT_CLASS = YES_ERROR;
				CLANG_WARN_QUOTED_INCLUDE_IN_FRAMEWORK_HEADER = YES;
				CLANG_WARN_RANGE_LOOP_ANALYSIS = YES;
				CLANG_WARN_STRICT_PROTOTYPES = YES;
				CLANG_WARN_SUSPICIOUS_MOVE = YES;
				CLANG_WARN_UNGUARDED_AVAILABILITY = YES_AGGRESSIVE;
				CLANG_WARN_UNREACHABLE_CODE = YES;
				CLANG_WARN__DUPLICATE_METHOD_MATCH = YES;
				COPY_PHASE_STRIP = NO;
				DEBUG_INFORMATION_FORMAT = dwarf;
				ENABLE_STRICT_OBJC_MSGSEND = YES;
				ENABLE_TESTABILITY = YES;
				GCC_C_LANGUAGE_STANDARD = gnu11;
				GCC_DYNAMIC_NO_PIC = NO;
				GCC_NO_COMMON_BLOCKS = YES;
				GCC_OPTIMIZATION_LEVEL = 0;
				GCC_PREPROCESSOR_DEFINITIONS = (
					"DEBUG=1",
					"$(inherited)",
				);
				GCC_WARN_64_TO_32_BIT_CONVERSION = YES;
				GCC_WARN_ABOUT_RETURN_TYPE = YES_ERROR;
				GCC_WARN_UNDECLARED_SELECTOR = YES;
				GCC_WARN_UNINITIALIZED_AUTOS = YES_AGGRESSIVE;
				GCC_WARN_UNUSED_FUNCTION = YES;
				GCC_WARN_UNUSED_VARIABLE = YES;
				IPHONEOS_DEPLOYMENT_TARGET = 15.5;
				MTL_ENABLE_DEBUG_INFO = INCLUDE_SOURCE;
				MTL_FAST_MATH = YES;
				ONLY_ACTIVE_ARCH = YES;
				SDKROOT = iphoneos;
				SWIFT_ACTIVE_COMPILATION_CONDITIONS = DEBUG;
				SWIFT_OPTIMIZATION_LEVEL = "-Onone";
			};
			name = Debug;
		};
		20C52E492847CF7B007C3D10 /* Release */ = {
			isa = XCBuildConfiguration;
			buildSettings = {
				ALWAYS_SEARCH_USER_PATHS = NO;
				CLANG_ANALYZER_NONNULL = YES;
				CLANG_ANALYZER_NUMBER_OBJECT_CONVERSION = YES_AGGRESSIVE;
				CLANG_CXX_LANGUAGE_STANDARD = "gnu++17";
				CLANG_ENABLE_MODULES = YES;
				CLANG_ENABLE_OBJC_ARC = YES;
				CLANG_ENABLE_OBJC_WEAK = YES;
				CLANG_WARN_BLOCK_CAPTURE_AUTORELEASING = YES;
				CLANG_WARN_BOOL_CONVERSION = YES;
				CLANG_WARN_COMMA = YES;
				CLANG_WARN_CONSTANT_CONVERSION = YES;
				CLANG_WARN_DEPRECATED_OBJC_IMPLEMENTATIONS = YES;
				CLANG_WARN_DIRECT_OBJC_ISA_USAGE = YES_ERROR;
				CLANG_WARN_DOCUMENTATION_COMMENTS = YES;
				CLANG_WARN_EMPTY_BODY = YES;
				CLANG_WARN_ENUM_CONVERSION = YES;
				CLANG_WARN_INFINITE_RECURSION = YES;
				CLANG_WARN_INT_CONVERSION = YES;
				CLANG_WARN_NON_LITERAL_NULL_CONVERSION = YES;
				CLANG_WARN_OBJC_IMPLICIT_RETAIN_SELF = YES;
				CLANG_WARN_OBJC_LITERAL_CONVERSION = YES;
				CLANG_WARN_OBJC_ROOT_CLASS = YES_ERROR;
				CLANG_WARN_QUOTED_INCLUDE_IN_FRAMEWORK_HEADER = YES;
				CLANG_WARN_RANGE_LOOP_ANALYSIS = YES;
				CLANG_WARN_STRICT_PROTOTYPES = YES;
				CLANG_WARN_SUSPICIOUS_MOVE = YES;
				CLANG_WARN_UNGUARDED_AVAILABILITY = YES_AGGRESSIVE;
				CLANG_WARN_UNREACHABLE_CODE = YES;
				CLANG_WARN__DUPLICATE_METHOD_MATCH = YES;
				COPY_PHASE_STRIP = NO;
				DEBUG_INFORMATION_FORMAT = "dwarf-with-dsym";
				ENABLE_NS_ASSERTIONS = NO;
				ENABLE_STRICT_OBJC_MSGSEND = YES;
				GCC_C_LANGUAGE_STANDARD = gnu11;
				GCC_NO_COMMON_BLOCKS = YES;
				GCC_WARN_64_TO_32_BIT_CONVERSION = YES;
				GCC_WARN_ABOUT_RETURN_TYPE = YES_ERROR;
				GCC_WARN_UNDECLARED_SELECTOR = YES;
				GCC_WARN_UNINITIALIZED_AUTOS = YES_AGGRESSIVE;
				GCC_WARN_UNUSED_FUNCTION = YES;
				GCC_WARN_UNUSED_VARIABLE = YES;
				IPHONEOS_DEPLOYMENT_TARGET = 15.5;
				MTL_ENABLE_DEBUG_INFO = NO;
				MTL_FAST_MATH = YES;
				SDKROOT = iphoneos;
				SWIFT_COMPILATION_MODE = wholemodule;
				SWIFT_OPTIMIZATION_LEVEL = "-O";
				VALIDATE_PRODUCT = YES;
			};
			name = Release;
		};
		20C52E4B2847CF7B007C3D10 /* Debug */ = {
			isa = XCBuildConfiguration;
			baseConfigurationReference = 13DBB1442CF94117DBE488E8 /* Pods-NearPlacesApp.debug.xcconfig */;
			buildSettings = {
				ASSETCATALOG_COMPILER_APPICON_NAME = AppIcon;
				ASSETCATALOG_COMPILER_GLOBAL_ACCENT_COLOR_NAME = AccentColor;
				CODE_SIGN_STYLE = Automatic;
				CURRENT_PROJECT_VERSION = 1;
				DEVELOPMENT_TEAM = 9DPJQG3Z5W;
				GENERATE_INFOPLIST_FILE = YES;
				INFOPLIST_FILE = NearPlacesApp/Info.plist;
				INFOPLIST_KEY_UIApplicationSupportsIndirectInputEvents = YES;
				INFOPLIST_KEY_UILaunchStoryboardName = LaunchScreen;
				INFOPLIST_KEY_UIMainStoryboardFile = Main;
				INFOPLIST_KEY_UISupportedInterfaceOrientations_iPad = "UIInterfaceOrientationPortrait UIInterfaceOrientationPortraitUpsideDown UIInterfaceOrientationLandscapeLeft UIInterfaceOrientationLandscapeRight";
				INFOPLIST_KEY_UISupportedInterfaceOrientations_iPhone = "UIInterfaceOrientationPortrait UIInterfaceOrientationLandscapeLeft UIInterfaceOrientationLandscapeRight";
				LD_RUNPATH_SEARCH_PATHS = (
					"$(inherited)",
					"@executable_path/Frameworks",
				);
				MARKETING_VERSION = 1.0;
				PRODUCT_BUNDLE_IDENTIFIER = atahansezgin.NearPlacesApp;
				PRODUCT_NAME = "$(TARGET_NAME)";
				SWIFT_EMIT_LOC_STRINGS = YES;
				SWIFT_VERSION = 5.0;
				TARGETED_DEVICE_FAMILY = "1,2";
			};
			name = Debug;
		};
		20C52E4C2847CF7B007C3D10 /* Release */ = {
			isa = XCBuildConfiguration;
			baseConfigurationReference = DBC7DCB99A3592A5E321EE0F /* Pods-NearPlacesApp.release.xcconfig */;
			buildSettings = {
				ASSETCATALOG_COMPILER_APPICON_NAME = AppIcon;
				ASSETCATALOG_COMPILER_GLOBAL_ACCENT_COLOR_NAME = AccentColor;
				CODE_SIGN_STYLE = Automatic;
				CURRENT_PROJECT_VERSION = 1;
				DEVELOPMENT_TEAM = 9DPJQG3Z5W;
				GENERATE_INFOPLIST_FILE = YES;
				INFOPLIST_FILE = NearPlacesApp/Info.plist;
				INFOPLIST_KEY_UIApplicationSupportsIndirectInputEvents = YES;
				INFOPLIST_KEY_UILaunchStoryboardName = LaunchScreen;
				INFOPLIST_KEY_UIMainStoryboardFile = Main;
				INFOPLIST_KEY_UISupportedInterfaceOrientations_iPad = "UIInterfaceOrientationPortrait UIInterfaceOrientationPortraitUpsideDown UIInterfaceOrientationLandscapeLeft UIInterfaceOrientationLandscapeRight";
				INFOPLIST_KEY_UISupportedInterfaceOrientations_iPhone = "UIInterfaceOrientationPortrait UIInterfaceOrientationLandscapeLeft UIInterfaceOrientationLandscapeRight";
				LD_RUNPATH_SEARCH_PATHS = (
					"$(inherited)",
					"@executable_path/Frameworks",
				);
				MARKETING_VERSION = 1.0;
				PRODUCT_BUNDLE_IDENTIFIER = atahansezgin.NearPlacesApp;
				PRODUCT_NAME = "$(TARGET_NAME)";
				SWIFT_EMIT_LOC_STRINGS = YES;
				SWIFT_VERSION = 5.0;
				TARGETED_DEVICE_FAMILY = "1,2";
			};
			name = Release;
		};
/* End XCBuildConfiguration section */

/* Begin XCConfigurationList section */
		20C52E312847CF79007C3D10 /* Build configuration list for PBXProject "NearPlacesApp" */ = {
			isa = XCConfigurationList;
			buildConfigurations = (
				20C52E482847CF7B007C3D10 /* Debug */,
				20C52E492847CF7B007C3D10 /* Release */,
			);
			defaultConfigurationIsVisible = 0;
			defaultConfigurationName = Release;
		};
		20C52E4A2847CF7B007C3D10 /* Build configuration list for PBXNativeTarget "NearPlacesApp" */ = {
			isa = XCConfigurationList;
			buildConfigurations = (
				20C52E4B2847CF7B007C3D10 /* Debug */,
				20C52E4C2847CF7B007C3D10 /* Release */,
			);
			defaultConfigurationIsVisible = 0;
			defaultConfigurationName = Release;
		};
/* End XCConfigurationList section */
	};
	rootObject = 20C52E2E2847CF79007C3D10 /* Project object */;
}
